{
  "name": "pkg",
  "lockfileVersion": 2,
  "requires": true,
  "packages": {
    "": {
      "name": "pkg",
      "dependencies": {
        "pkg2": "file:../pkg2"
      }
    },
    "../pkg2": {},
    "node_modules/pkg2": {
      "resolved": "../pkg2",
      "link": true
    }
  },
  "dependencies": {
    "pkg2": {
      "version": "file:../pkg2"
    }
  }
}
